
Microsoft Visual Studio Solution File, Format Version 12.00
# Visual Studio 15
VisualStudioVersion = 15.0.27428.2037
MinimumVisualStudioVersion = 10.0.40219.1
Project("{FAE04EC0-301F-11D3-BF4B-00C04F79EFBC}") = "Lab4", "Lab4\Lab4.csproj", "{ECC72839-5754-4EB1-9B41-CA324BA926DF}"
EndProject
Project("{2150E333-8FDC-42A3-9474-1A3956D46DE8}") = "Solution Items", "Solution Items", "{3FDF492B-2B15-4DAC-B84A-383EB5158B3D}"
	ProjectSection(SolutionItems) = preProject
		.gitignore = .gitignore
	EndProjectSection
EndProject
Global
	GlobalSection(SolutionConfigurationPlatforms) = preSolution
		Debug|Any CPU = Debug|Any CPU
		Release|Any CPU = Release|Any CPU
	EndGlobalSection
	GlobalSection(ProjectConfigurationPlatforms) = postSolution
		{ECC72839-5754-4EB1-9B41-CA324BA926DF}.Debug|Any CPU.ActiveCfg = Debug|Any CPU
		{ECC72839-5754-4EB1-9B41-CA324BA926DF}.Debug|Any CPU.Build.0 = Debug|Any CPU
		{ECC72839-5754-4EB1-9B41-CA324BA926DF}.Release|Any CPU.ActiveCfg = Release|Any CPU
		{ECC72839-5754-4EB1-9B41-CA324BA926DF}.Release|Any CPU.Build.0 = Release|Any CPU
	EndGlobalSection
	GlobalSection(SolutionProperties) = preSolution
		HideSolutionNode = FALSE
	EndGlobalSection
	GlobalSection(ExtensibilityGlobals) = postSolution
		SolutionGuid = {2A8781E2-B868-4B5C-B971-7B51860AA94C}
	EndGlobalSection
EndGlobal
